
Microsoft Visual Studio Solution File, Format Version 12.00
# Visual Studio Version 17
VisualStudioVersion = 17.4.33205.214
MinimumVisualStudioVersion = 10.0.40219.1
Project("{FAE04EC0-301F-11D3-BF4B-00C04F79EFBC}") = "DatingApp", "DatingApp\DatingApp.csproj", "{677BDCA5-279B-40D3-9F70-BABF1A6FB1C8}"
EndProject
Global
	GlobalSection(SolutionConfigurationPlatforms) = preSolution
		Debug|Any CPU = Debug|Any CPU
		Release|Any CPU = Release|Any CPU
	EndGlobalSection
	GlobalSection(ProjectConfigurationPlatforms) = postSolution
		{677BDCA5-279B-40D3-9F70-BABF1A6FB1C8}.Debug|Any CPU.ActiveCfg = Debug|Any CPU
		{677BDCA5-279B-40D3-9F70-BABF1A6FB1C8}.Debug|Any CPU.Build.0 = Debug|Any CPU
		{677BDCA5-279B-40D3-9F70-BABF1A6FB1C8}.Release|Any CPU.ActiveCfg = Release|Any CPU
		{677BDCA5-279B-40D3-9F70-BABF1A6FB1C8}.Release|Any CPU.Build.0 = Release|Any CPU
	EndGlobalSection
	GlobalSection(SolutionProperties) = preSolution
		HideSolutionNode = FALSE
	EndGlobalSection
	GlobalSection(ExtensibilityGlobals) = postSolution
		SolutionGuid = {F686478E-EEB2-4EB4-BB0D-319F5C9506C4}
	EndGlobalSection
EndGlobal
